
Microsoft Visual Studio Solution File, Format Version 12.00
# Visual Studio Version 17
VisualStudioVersion = 17.4.33205.214
MinimumVisualStudioVersion = 10.0.40219.1
Project("{8BC9CEB8-8B4A-11D0-8D11-00A0C91BC942}") = "Common", "Common\Common.vcxproj", "{533ACE75-AC6E-4E33-9D7D-42F13B979F72}"
EndProject
Project("{8BC9CEB8-8B4A-11D0-8D11-00A0C91BC942}") = "D3D12Simple", "D3D12Simple\D3D12Simple.vcxproj", "{63C60180-2BE1-469F-9FDE-E242AE136B89}"
EndProject
Project("{8BC9CEB8-8B4A-11D0-8D11-00A0C91BC942}") = "D3D12TileDeferred", "D3D12TileDeferred\D3D12TileDeferred.vcxproj", "{8C7500EF-773F-4FA0-91F0-0119693FEDFD}"
EndProject
Project("{8BC9CEB8-8B4A-11D0-8D11-00A0C91BC942}") = "D3D11Simple", "D3D11Simple\D3D11Simple.vcxproj", "{D96BB2D3-26BD-49D7-A197-B93ACF0D3A7B}"
EndProject
Project("{8BC9CEB8-8B4A-11D0-8D11-00A0C91BC942}") = "D3D11Terrain", "D3D11Terrain\D3D11Terrain.vcxproj", "{208B4006-DF60-4745-99DD-8AC864478B8C}"
EndProject
Global
	GlobalSection(SolutionConfigurationPlatforms) = preSolution
		Debug|x64 = Debug|x64
		Debug|x86 = Debug|x86
		Release|x64 = Release|x64
		Release|x86 = Release|x86
	EndGlobalSection
	GlobalSection(ProjectConfigurationPlatforms) = postSolution
		{533ACE75-AC6E-4E33-9D7D-42F13B979F72}.Debug|x64.ActiveCfg = Debug|x64
		{533ACE75-AC6E-4E33-9D7D-42F13B979F72}.Debug|x64.Build.0 = Debug|x64
		{533ACE75-AC6E-4E33-9D7D-42F13B979F72}.Debug|x86.ActiveCfg = Debug|Win32
		{533ACE75-AC6E-4E33-9D7D-42F13B979F72}.Debug|x86.Build.0 = Debug|Win32
		{533ACE75-AC6E-4E33-9D7D-42F13B979F72}.Release|x64.ActiveCfg = Release|x64
		{533ACE75-AC6E-4E33-9D7D-42F13B979F72}.Release|x64.Build.0 = Release|x64
		{533ACE75-AC6E-4E33-9D7D-42F13B979F72}.Release|x86.ActiveCfg = Release|Win32
		{533ACE75-AC6E-4E33-9D7D-42F13B979F72}.Release|x86.Build.0 = Release|Win32
		{63C60180-2BE1-469F-9FDE-E242AE136B89}.Debug|x64.ActiveCfg = Debug|x64
		{63C60180-2BE1-469F-9FDE-E242AE136B89}.Debug|x64.Build.0 = Debug|x64
		{63C60180-2BE1-469F-9FDE-E242AE136B89}.Debug|x86.ActiveCfg = Debug|Win32
		{63C60180-2BE1-469F-9FDE-E242AE136B89}.Debug|x86.Build.0 = Debug|Win32
		{63C60180-2BE1-469F-9FDE-E242AE136B89}.Release|x64.ActiveCfg = Release|x64
		{63C60180-2BE1-469F-9FDE-E242AE136B89}.Release|x64.Build.0 = Release|x64
		{63C60180-2BE1-469F-9FDE-E242AE136B89}.Release|x86.ActiveCfg = Release|Win32
		{63C60180-2BE1-469F-9FDE-E242AE136B89}.Release|x86.Build.0 = Release|Win32
		{8C7500EF-773F-4FA0-91F0-0119693FEDFD}.Debug|x64.ActiveCfg = Debug|x64
		{8C7500EF-773F-4FA0-91F0-0119693FEDFD}.Debug|x64.Build.0 = Debug|x64
		{8C7500EF-773F-4FA0-91F0-0119693FEDFD}.Debug|x86.ActiveCfg = Debug|Win32
		{8C7500EF-773F-4FA0-91F0-0119693FEDFD}.Debug|x86.Build.0 = Debug|Win32
		{8C7500EF-773F-4FA0-91F0-0119693FEDFD}.Release|x64.ActiveCfg = Release|x64
		{8C7500EF-773F-4FA0-91F0-0119693FEDFD}.Release|x64.Build.0 = Release|x64
		{8C7500EF-773F-4FA0-91F0-0119693FEDFD}.Release|x86.ActiveCfg = Release|Win32
		{8C7500EF-773F-4FA0-91F0-0119693FEDFD}.Release|x86.Build.0 = Release|Win32
		{D96BB2D3-26BD-49D7-A197-B93ACF0D3A7B}.Debug|x64.ActiveCfg = Debug|x64
		{D96BB2D3-26BD-49D7-A197-B93ACF0D3A7B}.Debug|x64.Build.0 = Debug|x64
		{D96BB2D3-26BD-49D7-A197-B93ACF0D3A7B}.Debug|x86.ActiveCfg = Debug|Win32
		{D96BB2D3-26BD-49D7-A197-B93ACF0D3A7B}.Debug|x86.Build.0 = Debug|Win32
		{D96BB2D3-26BD-49D7-A197-B93ACF0D3A7B}.Release|x64.ActiveCfg = Release|x64
		{D96BB2D3-26BD-49D7-A197-B93ACF0D3A7B}.Release|x64.Build.0 = Release|x64
		{D96BB2D3-26BD-49D7-A197-B93ACF0D3A7B}.Release|x86.ActiveCfg = Release|Win32
		{D96BB2D3-26BD-49D7-A197-B93ACF0D3A7B}.Release|x86.Build.0 = Release|Win32
		{208B4006-DF60-4745-99DD-8AC864478B8C}.Debug|x64.ActiveCfg = Debug|x64
		{208B4006-DF60-4745-99DD-8AC864478B8C}.Debug|x64.Build.0 = Debug|x64
		{208B4006-DF60-4745-99DD-8AC864478B8C}.Debug|x86.ActiveCfg = Debug|Win32
		{208B4006-DF60-4745-99DD-8AC864478B8C}.Debug|x86.Build.0 = Debug|Win32
		{208B4006-DF60-4745-99DD-8AC864478B8C}.Release|x64.ActiveCfg = Release|x64
		{208B4006-DF60-4745-99DD-8AC864478B8C}.Release|x64.Build.0 = Release|x64
		{208B4006-DF60-4745-99DD-8AC864478B8C}.Release|x86.ActiveCfg = Release|Win32
		{208B4006-DF60-4745-99DD-8AC864478B8C}.Release|x86.Build.0 = Release|Win32
	EndGlobalSection
	GlobalSection(SolutionProperties) = preSolution
		HideSolutionNode = FALSE
	EndGlobalSection
	GlobalSection(ExtensibilityGlobals) = postSolution
		SolutionGuid = {2FDE51B8-E92F-4E9B-ABB6-22604AC44D26}
	EndGlobalSection
EndGlobal
